<?xml version="1.0" encoding="utf-8"?>
<Project ToolsVersion="4.0" xmlns="http://schemas.microsoft.com/developer/msbuild/2003">
  <ItemGroup>
    <Filter Include="Source Files">
      <UniqueIdentifier>{4FC737F1-C7A5-4376-A066-2A32D752A2FF}</UniqueIdentifier>
      <Extensions>cpp;c;cc;cxx;def;odl;idl;hpj;bat;asm;asmx</Extensions>
    </Filter>
    <Filter Include="Header Files">
      <UniqueIdentifier>{93995380-89BD-4b04-88EB-625FBE52EBFB}</UniqueIdentifier>
      <Extensions>h;hh;hpp;hxx;hm;inl;inc;xsd</Extensions>
    </Filter>
    <Filter Include="Resource Files">
      <UniqueIdentifier>{67DA6AB6-F800-4c08-8B7A-83BB121AAD01}</UniqueIdentifier>
      <Extensions>rc;ico;cur;bmp;dlg;rc2;rct;bin;rgs;gif;jpg;jpeg;jpe;resx;tiff;tif;png;wav;mfcribbon-ms</Extensions>
    </Filter>
    <Filter Include="Header Files\Map">
      <UniqueIdentifier>{a66e8b55-3f7b-428a-97ee-a10d16732224}</UniqueIdentifier>
    </Filter>
    <Filter Include="Source Files\Map">
      <UniqueIdentifier>{2017ebda-d652-40b4-ac84-81848e7b0aec}</UniqueIdentifier>
    </Filter>
    <Filter Include="Header Files\Other">
      <UniqueIdentifier>{0ca55e38-9960-4c65-aa82-95407a2eaef7}</UniqueIdentifier>
    </Filter>
    <Filter Include="Header Files\Other\TinyXML">
      <UniqueIdentifier>{f101e6d2-2738-4f0e-bec2-7f69639b68c8}</UniqueIdentifier>
    </Filter>
    <Filter Include="Header Files\Blocks">
      <UniqueIdentifier>{2a691544-5cd4-4782-b97c-ffc4da794c58}</UniqueIdentifier>
    </Filter>
    <Filter Include="Header Files\Special">
      <UniqueIdentifier>{59988523-e39b-48bd-b4a1-869f6e76a9a1}</UniqueIdentifier>
    </Filter>
    <Filter Include="Source Files\Special">
      <UniqueIdentifier>{1862937e-d96e-4f4d-b028-9492934a6375}</UniqueIdentifier>
    </Filter>
    <Filter Include="Source Files\characters">
      <UniqueIdentifier>{a147b942-3e84-4ea8-8da4-2cf25692f1ec}</UniqueIdentifier>
    </Filter>
    <Filter Include="Header Files\characters">
      <UniqueIdentifier>{1147e066-2fc5-4265-8c77-08e730519135}</UniqueIdentifier>
    </Filter>
    <Filter Include="Header Files\Blocks\Item Chess">
      <UniqueIdentifier>{cf21d7de-4b18-43b3-9fac-45ff2331f8e8}</UniqueIdentifier>
    </Filter>
    <Filter Include="Header Files\Blocks\Item Chess\Armor">
      <UniqueIdentifier>{7db264b6-3185-4d61-92a1-f7b75a90c062}</UniqueIdentifier>
    </Filter>
  </ItemGroup>
  <ItemGroup>
    <ClCompile Include="TinyXML\tinyxml.cpp">
      <Filter>Header Files\Other\TinyXML</Filter>
    </ClCompile>
    <ClCompile Include="TinyXML\tinyxmlerror.cpp">
      <Filter>Header Files\Other\TinyXML</Filter>
    </ClCompile>
    <ClCompile Include="TinyXML\tinyxmlparser.cpp">
      <Filter>Header Files\Other\TinyXML</Filter>
    </ClCompile>
    <ClCompile Include="TinyXML\tinystr.cpp">
      <Filter>Header Files\Other\TinyXML</Filter>
    </ClCompile>
    <ClCompile Include="block.cpp">
      <Filter>Source Files\Map</Filter>
    </ClCompile>
    <ClCompile Include="game_map.cpp">
      <Filter>Source Files\Map</Filter>
    </ClCompile>
    <ClCompile Include="level.cpp">
      <Filter>Source Files\Map</Filter>
    </ClCompile>
    <ClCompile Include="gui.cpp">
      <Filter>Source Files\Special</Filter>
    </ClCompile>
    <ClCompile Include="menu.cpp">
      <Filter>Source Files\Special</Filter>
    </ClCompile>
    <ClCompile Include="game.cpp">
      <Filter>Source Files\Special</Filter>
    </ClCompile>
    <ClCompile Include="view.cpp">
      <Filter>Source Files\Special</Filter>
    </ClCompile>
    <ClCompile Include="Main.cpp">
      <Filter>Source Files\Special</Filter>
    </ClCompile>
    <ClCompile Include="character.cpp">
      <Filter>Source Files\characters</Filter>
    </ClCompile>
    <ClCompile Include="player.cpp">
      <Filter>Source Files\characters</Filter>
    </ClCompile>
    <ClCompile Include="menusettings.cpp">
      <Filter>Source Files\Special</Filter>
    </ClCompile>
    <ClCompile Include="enamies.cpp">
      <Filter>Source Files</Filter>
    </ClCompile>
    <ClCompile Include="botFox.cpp">
      <Filter>Source Files</Filter>
    </ClCompile>
    <ClCompile Include="animation.cpp">
      <Filter>Source Files</Filter>
    </ClCompile>
  </ItemGroup>
  <ItemGroup>
    <None Include="packages.config" />
    <None Include="ClassDiagram.cd" />
  </ItemGroup>
  <ItemGroup>
    <ClInclude Include="TinyXML\tinystr.h">
      <Filter>Header Files\Other\TinyXML</Filter>
    </ClInclude>
    <ClInclude Include="TinyXML\tinyxml.h">
      <Filter>Header Files\Other\TinyXML</Filter>
    </ClInclude>
    <ClInclude Include="block.h">
      <Filter>Header Files\Map</Filter>
    </ClInclude>
    <ClInclude Include="game_map.h">
      <Filter>Header Files\Map</Filter>
    </ClInclude>
    <ClInclude Include="level.h">
      <Filter>Header Files\Map</Filter>
    </ClInclude>
    <ClInclude Include="frame.h">
      <Filter>Header Files\Other</Filter>
    </ClInclude>
    <ClInclude Include="entity.h">
      <Filter>Header Files\Other</Filter>
    </ClInclude>
    <ClInclude Include="door.h">
      <Filter>Header Files\Blocks</Filter>
    </ClInclude>
    <ClInclude Include="chess.h">
      <Filter>Header Files\Blocks</Filter>
    </ClInclude>
    <ClInclude Include="grass.h">
      <Filter>Header Files\Blocks</Filter>
    </ClInclude>
    <ClInclude Include="opendoor.h">
      <Filter>Header Files\Blocks</Filter>
    </ClInclude>
    <ClInclude Include="plate.h">
      <Filter>Header Files\Blocks</Filter>
    </ClInclude>
    <ClInclude Include="gui.h">
      <Filter>Header Files\Special</Filter>
    </ClInclude>
    <ClInclude Include="menu.h">
      <Filter>Header Files\Special</Filter>
    </ClInclude>
    <ClInclude Include="game.h">
      <Filter>Header Files\Special</Filter>
    </ClInclude>
    <ClInclude Include="solid.h">
      <Filter>Header Files\Blocks</Filter>
    </ClInclude>
    <ClInclude Include="resource.h">
      <Filter>Header Files\Other</Filter>
    </ClInclude>
    <ClInclude Include="view.h">
      <Filter>Header Files\Special</Filter>
    </ClInclude>
    <ClInclude Include="character.h">
      <Filter>Header Files\characters</Filter>
    </ClInclude>
    <ClInclude Include="player.h">
      <Filter>Header Files\characters</Filter>
    </ClInclude>
    <ClInclude Include="bottleHealth.h">
      <Filter>Header Files\Blocks\Item Chess</Filter>
    </ClInclude>
    <ClInclude Include="coins.h">
      <Filter>Header Files\Blocks\Item Chess</Filter>
    </ClInclude>
    <ClInclude Include="armor.h">
      <Filter>Header Files\Blocks\Item Chess\Armor</Filter>
    </ClInclude>
    <ClInclude Include="hauberkArmor.h">
      <Filter>Header Files\Blocks\Item Chess\Armor</Filter>
    </ClInclude>
    <ClInclude Include="menusettings.h">
      <Filter>Header Files\Special</Filter>
    </ClInclude>
    <ClInclude Include="nextlvl.h">
      <Filter>Header Files\Blocks</Filter>
    </ClInclude>
    <ClInclude Include="nullblock.h">
      <Filter>Header Files\Blocks</Filter>
    </ClInclude>
    <ClInclude Include="enamies.h">
      <Filter>Header Files</Filter>
    </ClInclude>
    <ClInclude Include="botFox.h">
      <Filter>Header Files</Filter>
    </ClInclude>
    <ClInclude Include="animation.h">
      <Filter>Header Files</Filter>
    </ClInclude>
    <ClInclude Include="boxbot.h">
      <Filter>Header Files</Filter>
    </ClInclude>
    <ClInclude Include="coper.h">
      <Filter>Header Files</Filter>
    </ClInclude>
  </ItemGroup>
  <ItemGroup>
    <ResourceCompile Include="SfmlGame.rc">
      <Filter>Resource Files</Filter>
    </ResourceCompile>
  </ItemGroup>
</Project>